// !$*UTF8*$!
{
	archiveVersion = 1;
	classes = {
	};
	objectVersion = 46;
	objects = {

/* Begin PBXBuildFile section */
		9D04C4CB1F00F47E00D46EEA /* LLAlgorithm.framework in Frameworks */ = {isa = PBXBuildFile; fileRef = 9D04C4C11F00F47E00D46EEA /* LLAlgorithm.framework */; };
		9D04C4D01F00F47E00D46EEA /* LLAlgorithmTests.swift in Sources */ = {isa = PBXBuildFile; fileRef = 9D04C4CF1F00F47E00D46EEA /* LLAlgorithmTests.swift */; };
		9D04C4D21F00F47E00D46EEA /* LLAlgorithm.h in Headers */ = {isa = PBXBuildFile; fileRef = 9D04C4C41F00F47E00D46EEA /* LLAlgorithm.h */; settings = {ATTRIBUTES = (Public, ); }; };
		9DCF9CF21F00F4FD00FF0E97 /* AbstractQueue.swift in Sources */ = {isa = PBXBuildFile; fileRef = 9DCF9CF11F00F4FD00FF0E97 /* AbstractQueue.swift */; };
		9DCF9CF41F00F65700FF0E97 /* Queue.swift in Sources */ = {isa = PBXBuildFile; fileRef = 9DCF9CF31F00F65700FF0E97 /* Queue.swift */; };
		9DEA26FE1F00F78E0022E36E /* Stack.swift in Sources */ = {isa = PBXBuildFile; fileRef = 9DEA26FD1F00F78E0022E36E /* Stack.swift */; };
		9DEA27001F00FE500022E36E /* Dequeue.swift in Sources */ = {isa = PBXBuildFile; fileRef = 9DEA26FF1F00FE500022E36E /* Dequeue.swift */; };
/* End PBXBuildFile section */

/* Begin PBXContainerItemProxy section */
		9D04C4CC1F00F47E00D46EEA /* PBXContainerItemProxy */ = {
			isa = PBXContainerItemProxy;
			containerPortal = 9D04C4B81F00F47E00D46EEA /* Project object */;
			proxyType = 1;
			remoteGlobalIDString = 9D04C4C01F00F47E00D46EEA;
			remoteInfo = LLAlgorithm;
		};
/* End PBXContainerItemProxy section */

/* Begin PBXFileReference section */
		9D04C4C11F00F47E00D46EEA /* LLAlgorithm.framework */ = {isa = PBXFileReference; explicitFileType = wrapper.framework; includeInIndex = 0; path = LLAlgorithm.framework; sourceTree = BUILT_PRODUCTS_DIR; };
		9D04C4C41F00F47E00D46EEA /* LLAlgorithm.h */ = {isa = PBXFileReference; lastKnownFileType = sourcecode.c.h; path = LLAlgorithm.h; sourceTree = "<group>"; };
		9D04C4C51F00F47E00D46EEA /* Info.plist */ = {isa = PBXFileReference; lastKnownFileType = text.plist.xml; path = Info.plist; sourceTree = "<group>"; };
		9D04C4CA1F00F47E00D46EEA /* LLAlgorithmTests.xctest */ = {isa = PBXFileReference; explicitFileType = wrapper.cfbundle; includeInIndex = 0; path = LLAlgorithmTests.xctest; sourceTree = BUILT_PRODUCTS_DIR; };
		9D04C4CF1F00F47E00D46EEA /* LLAlgorithmTests.swift */ = {isa = PBXFileReference; lastKnownFileType = sourcecode.swift; path = LLAlgorithmTests.swift; sourceTree = "<group>"; };
		9D04C4D11F00F47E00D46EEA /* Info.plist */ = {isa = PBXFileReference; lastKnownFileType = text.plist.xml; path = Info.plist; sourceTree = "<group>"; };
		9DCF9CF11F00F4FD00FF0E97 /* AbstractQueue.swift */ = {isa = PBXFileReference; lastKnownFileType = sourcecode.swift; path = AbstractQueue.swift; sourceTree = "<group>"; };
		9DCF9CF31F00F65700FF0E97 /* Queue.swift */ = {isa = PBXFileReference; lastKnownFileType = sourcecode.swift; path = Queue.swift; sourceTree = "<group>"; };
		9DEA26FD1F00F78E0022E36E /* Stack.swift */ = {isa = PBXFileReference; lastKnownFileType = sourcecode.swift; path = Stack.swift; sourceTree = "<group>"; };
		9DEA26FF1F00FE500022E36E /* Dequeue.swift */ = {isa = PBXFileReference; lastKnownFileType = sourcecode.swift; path = Dequeue.swift; sourceTree = "<group>"; };
/* End PBXFileReference section */

/* Begin PBXFrameworksBuildPhase section */
		9D04C4BD1F00F47E00D46EEA /* Frameworks */ = {
			isa = PBXFrameworksBuildPhase;
			buildActionMask = 2147483647;
			files = (
			);
			runOnlyForDeploymentPostprocessing = 0;
		};
		9D04C4C71F00F47E00D46EEA /* Frameworks */ = {
			isa = PBXFrameworksBuildPhase;
			buildActionMask = 2147483647;
			files = (
				9D04C4CB1F00F47E00D46EEA /* LLAlgorithm.framework in Frameworks */,
			);
			runOnlyForDeploymentPostprocessing = 0;
		};
/* End PBXFrameworksBuildPhase section */

/* Begin PBXGroup section */
		9D04C4B71F00F47E00D46EEA = {
			isa = PBXGroup;
			children = (
				9D04C4C31F00F47E00D46EEA /* LLAlgorithm */,
				9D04C4CE1F00F47E00D46EEA /* LLAlgorithmTests */,
				9D04C4C21F00F47E00D46EEA /* Products */,
			);
			sourceTree = "<group>";
		};
		9D04C4C21F00F47E00D46EEA /* Products */ = {
			isa = PBXGroup;
			children = (
				9D04C4C11F00F47E00D46EEA /* LLAlgorithm.framework */,
				9D04C4CA1F00F47E00D46EEA /* LLAlgorithmTests.xctest */,
			);
			name = Products;
			sourceTree = "<group>";
		};
		9D04C4C31F00F47E00D46EEA /* LLAlgorithm */ = {
			isa = PBXGroup;
			children = (
				9D04C4C41F00F47E00D46EEA /* LLAlgorithm.h */,
				9DCF9CF01F00F4D200FF0E97 /* Queues */,
				9D04C4C51F00F47E00D46EEA /* Info.plist */,
			);
			path = LLAlgorithm;
			sourceTree = "<group>";
		};
		9D04C4CE1F00F47E00D46EEA /* LLAlgorithmTests */ = {
			isa = PBXGroup;
			children = (
				9D04C4CF1F00F47E00D46EEA /* LLAlgorithmTests.swift */,
				9D04C4D11F00F47E00D46EEA /* Info.plist */,
			);
			path = LLAlgorithmTests;
			sourceTree = "<group>";
		};
		9DCF9CF01F00F4D200FF0E97 /* Queues */ = {
			isa = PBXGroup;
			children = (
				9DCF9CF11F00F4FD00FF0E97 /* AbstractQueue.swift */,
				9DCF9CF31F00F65700FF0E97 /* Queue.swift */,
				9DEA26FD1F00F78E0022E36E /* Stack.swift */,
				9DEA26FF1F00FE500022E36E /* Dequeue.swift */,
			);
			path = Queues;
			sourceTree = "<group>";
		};
/* End PBXGroup section */

/* Begin PBXHeadersBuildPhase section */
		9D04C4BE1F00F47E00D46EEA /* Headers */ = {
			isa = PBXHeadersBuildPhase;
			buildActionMask = 2147483647;
			files = (
				9D04C4D21F00F47E00D46EEA /* LLAlgorithm.h in Headers */,
			);
			runOnlyForDeploymentPostprocessing = 0;
		};
/* End PBXHeadersBuildPhase section */

/* Begin PBXNativeTarget section */
		9D04C4C01F00F47E00D46EEA /* LLAlgorithm */ = {
			isa = PBXNativeTarget;
			buildConfigurationList = 9D04C4D51F00F47E00D46EEA /* Build configuration list for PBXNativeTarget "LLAlgorithm" */;
			buildPhases = (
				9D04C4BC1F00F47E00D46EEA /* Sources */,
				9D04C4BD1F00F47E00D46EEA /* Frameworks */,
				9D04C4BE1F00F47E00D46EEA /* Headers */,
				9D04C4BF1F00F47E00D46EEA /* Resources */,
			);
			buildRules = (
			);
			dependencies = (
			);
			name = LLAlgorithm;
			productName = LLAlgorithm;
			productReference = 9D04C4C11F00F47E00D46EEA /* LLAlgorithm.framework */;
			productType = "com.apple.product-type.framework";
		};
		9D04C4C91F00F47E00D46EEA /* LLAlgorithmTests */ = {
			isa = PBXNativeTarget;
			buildConfigurationList = 9D04C4D81F00F47E00D46EEA /* Build configuration list for PBXNativeTarget "LLAlgorithmTests" */;
			buildPhases = (
				9D04C4C61F00F47E00D46EEA /* Sources */,
				9D04C4C71F00F47E00D46EEA /* Frameworks */,
				9D04C4C81F00F47E00D46EEA /* Resources */,
			);
			buildRules = (
			);
			dependencies = (
				9D04C4CD1F00F47E00D46EEA /* PBXTargetDependency */,
			);
			name = LLAlgorithmTests;
			productName = LLAlgorithmTests;
			productReference = 9D04C4CA1F00F47E00D46EEA /* LLAlgorithmTests.xctest */;
			productType = "com.apple.product-type.bundle.unit-test";
		};
/* End PBXNativeTarget section */

/* Begin PBXProject section */
		9D04C4B81F00F47E00D46EEA /* Project object */ = {
			isa = PBXProject;
			attributes = {
				LastSwiftUpdateCheck = 0830;
				LastUpgradeCheck = 0830;
				ORGANIZATIONNAME = "Rock Yang";
				TargetAttributes = {
					9D04C4C01F00F47E00D46EEA = {
						CreatedOnToolsVersion = 8.3.3;
						LastSwiftMigration = 0900;
						ProvisioningStyle = Manual;
					};
					9D04C4C91F00F47E00D46EEA = {
						CreatedOnToolsVersion = 8.3.3;
						ProvisioningStyle = Automatic;
					};
				};
			};
			buildConfigurationList = 9D04C4BB1F00F47E00D46EEA /* Build configuration list for PBXProject "LLAlgorithm" */;
			compatibilityVersion = "Xcode 3.2";
			developmentRegion = English;
			hasScannedForEncodings = 0;
			knownRegions = (
				en,
			);
			mainGroup = 9D04C4B71F00F47E00D46EEA;
			productRefGroup = 9D04C4C21F00F47E00D46EEA /* Products */;
			projectDirPath = "";
			projectRoot = "";
			targets = (
				9D04C4C01F00F47E00D46EEA /* LLAlgorithm */,
				9D04C4C91F00F47E00D46EEA /* LLAlgorithmTests */,
			);
		};
/* End PBXProject section */

/* Begin PBXResourcesBuildPhase section */
		9D04C4BF1F00F47E00D46EEA /* Resources */ = {
			isa = PBXResourcesBuildPhase;
			buildActionMask = 2147483647;
			files = (
			);
			runOnlyForDeploymentPostprocessing = 0;
		};
		9D04C4C81F00F47E00D46EEA /* Resources */ = {
			isa = PBXResourcesBuildPhase;
			buildActionMask = 2147483647;
			files = (
			);
			runOnlyForDeploymentPostprocessing = 0;
		};
/* End PBXResourcesBuildPhase section */

/* Begin PBXSourcesBuildPhase section */
		9D04C4BC1F00F47E00D46EEA /* Sources */ = {
			isa = PBXSourcesBuildPhase;
			buildActionMask = 2147483647;
			files = (
				9DCF9CF21F00F4FD00FF0E97 /* AbstractQueue.swift in Sources */,
				9DEA26FE1F00F78E0022E36E /* Stack.swift in Sources */,
				9DEA27001F00FE500022E36E /* Dequeue.swift in Sources */,
				9DCF9CF41F00F65700FF0E97 /* Queue.swift in Sources */,
			);
			runOnlyForDeploymentPostprocessing = 0;
		};
		9D04C4C61F00F47E00D46EEA /* Sources */ = {
			isa = PBXSourcesBuildPhase;
			buildActionMask = 2147483647;
			files = (
				9D04C4D01F00F47E00D46EEA /* LLAlgorithmTests.swift in Sources */,
			);
			runOnlyForDeploymentPostprocessing = 0;
		};
/* End PBXSourcesBuildPhase section */

/* Begin PBXTargetDependency section */
		9D04C4CD1F00F47E00D46EEA /* PBXTargetDependency */ = {
			isa = PBXTargetDependency;
			target = 9D04C4C01F00F47E00D46EEA /* LLAlgorithm */;
			targetProxy = 9D04C4CC1F00F47E00D46EEA /* PBXContainerItemProxy */;
		};
/* End PBXTargetDependency section */

/* Begin XCBuildConfiguration section */
		9D04C4D31F00F47E00D46EEA /* Debug */ = {
			isa = XCBuildConfiguration;
			buildSettings = {
				ALWAYS_SEARCH_USER_PATHS = NO;
				CLANG_ANALYZER_NONNULL = YES;
				CLANG_ANALYZER_NUMBER_OBJECT_CONVERSION = YES_AGGRESSIVE;
				CLANG_CXX_LANGUAGE_STANDARD = "gnu++0x";
				CLANG_CXX_LIBRARY = "libc++";
				CLANG_ENABLE_MODULES = YES;
				CLANG_ENABLE_OBJC_ARC = YES;
				CLANG_WARN_BOOL_CONVERSION = YES;
				CLANG_WARN_CONSTANT_CONVERSION = YES;
				CLANG_WARN_DIRECT_OBJC_ISA_USAGE = YES_ERROR;
				CLANG_WARN_DOCUMENTATION_COMMENTS = YES;
				CLANG_WARN_EMPTY_BODY = YES;
				CLANG_WARN_ENUM_CONVERSION = YES;
				CLANG_WARN_INFINITE_RECURSION = YES;
				CLANG_WARN_INT_CONVERSION = YES;
				CLANG_WARN_OBJC_ROOT_CLASS = YES_ERROR;
				CLANG_WARN_SUSPICIOUS_MOVE = YES;
				CLANG_WARN_UNREACHABLE_CODE = YES;
				CLANG_WARN__DUPLICATE_METHOD_MATCH = YES;
				"CODE_SIGN_IDENTITY[sdk=iphoneos*]" = "iPhone Developer";
				COPY_PHASE_STRIP = NO;
				CURRENT_PROJECT_VERSION = 1;
				DEBUG_INFORMATION_FORMAT = dwarf;
				ENABLE_STRICT_OBJC_MSGSEND = YES;
				ENABLE_TESTABILITY = YES;
				GCC_C_LANGUAGE_STANDARD = gnu99;
				GCC_DYNAMIC_NO_PIC = NO;
				GCC_NO_COMMON_BLOCKS = YES;
				GCC_OPTIMIZATION_LEVEL = 0;
				GCC_PREPROCESSOR_DEFINITIONS = (
					"DEBUG=1",
					"$(inherited)",
				);
				GCC_WARN_64_TO_32_BIT_CONVERSION = YES;
				GCC_WARN_ABOUT_RETURN_TYPE = YES_ERROR;
				GCC_WARN_UNDECLARED_SELECTOR = YES;
				GCC_WARN_UNINITIALIZED_AUTOS = YES_AGGRESSIVE;
				GCC_WARN_UNUSED_FUNCTION = YES;
				GCC_WARN_UNUSED_VARIABLE = YES;
				IPHONEOS_DEPLOYMENT_TARGET = 10.3;
				MTL_ENABLE_DEBUG_INFO = YES;
				ONLY_ACTIVE_ARCH = YES;
				SDKROOT = iphoneos;
				SWIFT_ACTIVE_COMPILATION_CONDITIONS = DEBUG;
				SWIFT_OPTIMIZATION_LEVEL = "-Onone";
				TARGETED_DEVICE_FAMILY = "1,2";
				VERSIONING_SYSTEM = "apple-generic";
				VERSION_INFO_PREFIX = "";
			};
			name = Debug;
		};
		9D04C4D41F00F47E00D46EEA /* Release */ = {
			isa = XCBuildConfiguration;
			buildSettings = {
				ALWAYS_SEARCH_USER_PATHS = NO;
				CLANG_ANALYZER_NONNULL = YES;
				CLANG_ANALYZER_NUMBER_OBJECT_CONVERSION = YES_AGGRESSIVE;
				CLANG_CXX_LANGUAGE_STANDARD = "gnu++0x";
				CLANG_CXX_LIBRARY = "libc++";
				CLANG_ENABLE_MODULES = YES;
				CLANG_ENABLE_OBJC_ARC = YES;
				CLANG_WARN_BOOL_CONVERSION = YES;
				CLANG_WARN_CONSTANT_CONVERSION = YES;
				CLANG_WARN_DIRECT_OBJC_ISA_USAGE = YES_ERROR;
				CLANG_WARN_DOCUMENTATION_COMMENTS = YES;
				CLANG_WARN_EMPTY_BODY = YES;
				CLANG_WARN_ENUM_CONVERSION = YES;
				CLANG_WARN_INFINITE_RECURSION = YES;
				CLANG_WARN_INT_CONVERSION = YES;
				CLANG_WARN_OBJC_ROOT_CLASS = YES_ERROR;
				CLANG_WARN_SUSPICIOUS_MOVE = YES;
				CLANG_WARN_UNREACHABLE_CODE = YES;
				CLANG_WARN__DUPLICATE_METHOD_MATCH = YES;
				"CODE_SIGN_IDENTITY[sdk=iphoneos*]" = "iPhone Developer";
				COPY_PHASE_STRIP = NO;
				CURRENT_PROJECT_VERSION = 1;
				DEBUG_INFORMATION_FORMAT = "dwarf-with-dsym";
				ENABLE_NS_ASSERTIONS = NO;
				ENABLE_STRICT_OBJC_MSGSEND = YES;
				GCC_C_LANGUAGE_STANDARD = gnu99;
				GCC_NO_COMMON_BLOCKS = YES;
				GCC_WARN_64_TO_32_BIT_CONVERSION = YES;
				GCC_WARN_ABOUT_RETURN_TYPE = YES_ERROR;
				GCC_WARN_UNDECLARED_SELECTOR = YES;
				GCC_WARN_UNINITIALIZED_AUTOS = YES_AGGRESSIVE;
				GCC_WARN_UNUSED_FUNCTION = YES;
				GCC_WARN_UNUSED_VARIABLE = YES;
				IPHONEOS_DEPLOYMENT_TARGET = 10.3;
				MTL_ENABLE_DEBUG_INFO = NO;
				SDKROOT = iphoneos;
				SWIFT_OPTIMIZATION_LEVEL = "-Owholemodule";
				TARGETED_DEVICE_FAMILY = "1,2";
				VALIDATE_PRODUCT = YES;
				VERSIONING_SYSTEM = "apple-generic";
				VERSION_INFO_PREFIX = "";
			};
			name = Release;
		};
		9D04C4D61F00F47E00D46EEA /* Debug */ = {
			isa = XCBuildConfiguration;
			buildSettings = {
				CLANG_ENABLE_MODULES = YES;
				CODE_SIGN_IDENTITY = "";
				DEFINES_MODULE = YES;
				DEVELOPMENT_TEAM = "";
				DYLIB_COMPATIBILITY_VERSION = 1;
				DYLIB_CURRENT_VERSION = 1;
				DYLIB_INSTALL_NAME_BASE = "@rpath";
				INFOPLIST_FILE = LLAlgorithm/Info.plist;
				INSTALL_PATH = "$(LOCAL_LIBRARY_DIR)/Frameworks";
				LD_RUNPATH_SEARCH_PATHS = "$(inherited) @executable_path/Frameworks @loader_path/Frameworks";
				PRODUCT_BUNDLE_IDENTIFIER = com.lal.LLAlgorithm;
				PRODUCT_NAME = "$(TARGET_NAME)";
				PROVISIONING_PROFILE_SPECIFIER = "";
				SKIP_INSTALL = YES;
				SWIFT_OPTIMIZATION_LEVEL = "-Onone";
				SWIFT_VERSION = 3.0;
			};
			name = Debug;
		};
		9D04C4D71F00F47E00D46EEA /* Release */ = {
			isa = XCBuildConfiguration;
			buildSettings = {
				CLANG_ENABLE_MODULES = YES;
				CODE_SIGN_IDENTITY = "";
				DEFINES_MODULE = YES;
				DEVELOPMENT_TEAM = "";
				DYLIB_COMPATIBILITY_VERSION = 1;
				DYLIB_CURRENT_VERSION = 1;
				DYLIB_INSTALL_NAME_BASE = "@rpath";
				INFOPLIST_FILE = LLAlgorithm/Info.plist;
				INSTALL_PATH = "$(LOCAL_LIBRARY_DIR)/Frameworks";
				LD_RUNPATH_SEARCH_PATHS = "$(inherited) @executable_path/Frameworks @loader_path/Frameworks";
				PRODUCT_BUNDLE_IDENTIFIER = com.lal.LLAlgorithm;
				PRODUCT_NAME = "$(TARGET_NAME)";
				PROVISIONING_PROFILE_SPECIFIER = "";
				SKIP_INSTALL = YES;
				SWIFT_VERSION = 3.0;
			};
			name = Release;
		};
		9D04C4D91F00F47E00D46EEA /* Debug */ = {
			isa = XCBuildConfiguration;
			buildSettings = {
				ALWAYS_EMBED_SWIFT_STANDARD_LIBRARIES = YES;
				INFOPLIST_FILE = LLAlgorithmTests/Info.plist;
				LD_RUNPATH_SEARCH_PATHS = "$(inherited) @executable_path/Frameworks @loader_path/Frameworks";
				PRODUCT_BUNDLE_IDENTIFIER = com.lal.LLAlgorithmTests;
				PRODUCT_NAME = "$(TARGET_NAME)";
				SWIFT_VERSION = 3.0;
			};
			name = Debug;
		};
		9D04C4DA1F00F47E00D46EEA /* Release */ = {
			isa = XCBuildConfiguration;
			buildSettings = {
				ALWAYS_EMBED_SWIFT_STANDARD_LIBRARIES = YES;
				INFOPLIST_FILE = LLAlgorithmTests/Info.plist;
				LD_RUNPATH_SEARCH_PATHS = "$(inherited) @executable_path/Frameworks @loader_path/Frameworks";
				PRODUCT_BUNDLE_IDENTIFIER = com.lal.LLAlgorithmTests;
				PRODUCT_NAME = "$(TARGET_NAME)";
				SWIFT_VERSION = 3.0;
			};
			name = Release;
		};
/* End XCBuildConfiguration section */

/* Begin XCConfigurationList section */
		9D04C4BB1F00F47E00D46EEA /* Build configuration list for PBXProject "LLAlgorithm" */ = {
			isa = XCConfigurationList;
			buildConfigurations = (
				9D04C4D31F00F47E00D46EEA /* Debug */,
				9D04C4D41F00F47E00D46EEA /* Release */,
			);
			defaultConfigurationIsVisible = 0;
			defaultConfigurationName = Release;
		};
		9D04C4D51F00F47E00D46EEA /* Build configuration list for PBXNativeTarget "LLAlgorithm" */ = {
			isa = XCConfigurationList;
			buildConfigurations = (
				9D04C4D61F00F47E00D46EEA /* Debug */,
				9D04C4D71F00F47E00D46EEA /* Release */,
			);
			defaultConfigurationIsVisible = 0;
			defaultConfigurationName = Release;
		};
		9D04C4D81F00F47E00D46EEA /* Build configuration list for PBXNativeTarget "LLAlgorithmTests" */ = {
			isa = XCConfigurationList;
			buildConfigurations = (
				9D04C4D91F00F47E00D46EEA /* Debug */,
				9D04C4DA1F00F47E00D46EEA /* Release */,
			);
			defaultConfigurationIsVisible = 0;
			defaultConfigurationName = Release;
		};
/* End XCConfigurationList section */
	};
	rootObject = 9D04C4B81F00F47E00D46EEA /* Project object */;
}
